// !$*UTF8*$!
{
	archiveVersion = 1;
	classes = {
	};
	objectVersion = 46;
	objects = {

/* Begin PBXBuildFile section */
		A4B8DC3F1B97829000358C2A /* main.m in Sources */ = {isa = PBXBuildFile; fileRef = A4B8DC3E1B97829000358C2A /* main.m */; };
		A4B8DC421B97829000358C2A /* AppDelegate.m in Sources */ = {isa = PBXBuildFile; fileRef = A4B8DC411B97829000358C2A /* AppDelegate.m */; };
		A4B8DC451B97829000358C2A /* ViewController.m in Sources */ = {isa = PBXBuildFile; fileRef = A4B8DC441B97829000358C2A /* ViewController.m */; };
		A4B8DC481B97829000358C2A /* Main.storyboard in Resources */ = {isa = PBXBuildFile; fileRef = A4B8DC461B97829000358C2A /* Main.storyboard */; };
		A4B8DC4A1B97829000358C2A /* Images.xcassets in Resources */ = {isa = PBXBuildFile; fileRef = A4B8DC491B97829000358C2A /* Images.xcassets */; };
		A4B8DC641B97894500358C2A /* CaptureScreenViewController.m in Sources */ = {isa = PBXBuildFile; fileRef = A4B8DC631B97894500358C2A /* CaptureScreenViewController.m */; };
		A4B8DC671B978B7A00358C2A /* DetectFace.m in Sources */ = {isa = PBXBuildFile; fileRef = A4B8DC661B978B7A00358C2A /* DetectFace.m */; };
		A4B8DC781B978F9A00358C2A /* CoreImage.framework in Frameworks */ = {isa = PBXBuildFile; fileRef = A4B8DC761B978F8400358C2A /* CoreImage.framework */; };
		A4B8DC801B978FC800358C2A /* CoreVideo.framework in Frameworks */ = {isa = PBXBuildFile; fileRef = A4B8DC7F1B978FC800358C2A /* CoreVideo.framework */; };
		A4B8DC821B978FCE00358C2A /* AVFoundation.framework in Frameworks */ = {isa = PBXBuildFile; fileRef = A4B8DC811B978FCE00358C2A /* AVFoundation.framework */; };
		A4B8DC831B97903500358C2A /* QuartzCore.framework in Frameworks */ = {isa = PBXBuildFile; fileRef = A4B8DC7D1B978FB600358C2A /* QuartzCore.framework */; };
		A4B8DC841B97904400358C2A /* CoreMedia.framework in Frameworks */ = {isa = PBXBuildFile; fileRef = A4B8DC7B1B978FAF00358C2A /* CoreMedia.framework */; };
		A4B8DC851B97905300358C2A /* CoreGraphics.framework in Frameworks */ = {isa = PBXBuildFile; fileRef = A4B8DC791B978FA400358C2A /* CoreGraphics.framework */; };
		A4B8DC881B97A54000358C2A /* CoolViewController.m in Sources */ = {isa = PBXBuildFile; fileRef = A4B8DC871B97A54000358C2A /* CoolViewController.m */; };
		A4B8DC8C1B97AFDF00358C2A /* TouchViewController.m in Sources */ = {isa = PBXBuildFile; fileRef = A4B8DC8B1B97AFDF00358C2A /* TouchViewController.m */; };
/* End PBXBuildFile section */

/* Begin PBXFileReference section */
		A4B8DC391B97829000358C2A /* MouseServerTest.app */ = {isa = PBXFileReference; explicitFileType = wrapper.application; includeInIndex = 0; path = MouseServerTest.app; sourceTree = BUILT_PRODUCTS_DIR; };
		A4B8DC3D1B97829000358C2A /* Info.plist */ = {isa = PBXFileReference; lastKnownFileType = text.plist.xml; path = Info.plist; sourceTree = "<group>"; };
		A4B8DC3E1B97829000358C2A /* main.m */ = {isa = PBXFileReference; lastKnownFileType = sourcecode.c.objc; path = main.m; sourceTree = "<group>"; };
		A4B8DC401B97829000358C2A /* AppDelegate.h */ = {isa = PBXFileReference; lastKnownFileType = sourcecode.c.h; path = AppDelegate.h; sourceTree = "<group>"; };
		A4B8DC411B97829000358C2A /* AppDelegate.m */ = {isa = PBXFileReference; lastKnownFileType = sourcecode.c.objc; path = AppDelegate.m; sourceTree = "<group>"; };
		A4B8DC431B97829000358C2A /* ViewController.h */ = {isa = PBXFileReference; lastKnownFileType = sourcecode.c.h; path = ViewController.h; sourceTree = "<group>"; };
		A4B8DC441B97829000358C2A /* ViewController.m */ = {isa = PBXFileReference; lastKnownFileType = sourcecode.c.objc; path = ViewController.m; sourceTree = "<group>"; };
		A4B8DC471B97829000358C2A /* Base */ = {isa = PBXFileReference; lastKnownFileType = file.storyboard; name = Base; path = Base.lproj/Main.storyboard; sourceTree = "<group>"; };
		A4B8DC491B97829000358C2A /* Images.xcassets */ = {isa = PBXFileReference; lastKnownFileType = folder.assetcatalog; path = Images.xcassets; sourceTree = "<group>"; };
		A4B8DC621B97894500358C2A /* CaptureScreenViewController.h */ = {isa = PBXFileReference; fileEncoding = 4; lastKnownFileType = sourcecode.c.h; path = CaptureScreenViewController.h; sourceTree = "<group>"; };
		A4B8DC631B97894500358C2A /* CaptureScreenViewController.m */ = {isa = PBXFileReference; fileEncoding = 4; lastKnownFileType = sourcecode.c.objc; path = CaptureScreenViewController.m; sourceTree = "<group>"; };
		A4B8DC651B978B7A00358C2A /* DetectFace.h */ = {isa = PBXFileReference; fileEncoding = 4; lastKnownFileType = sourcecode.c.h; path = DetectFace.h; sourceTree = "<group>"; };
		A4B8DC661B978B7A00358C2A /* DetectFace.m */ = {isa = PBXFileReference; fileEncoding = 4; lastKnownFileType = sourcecode.c.objc; path = DetectFace.m; sourceTree = "<group>"; };
		A4B8DC761B978F8400358C2A /* CoreImage.framework */ = {isa = PBXFileReference; lastKnownFileType = wrapper.framework; name = CoreImage.framework; path = System/Library/Frameworks/CoreImage.framework; sourceTree = SDKROOT; };
		A4B8DC791B978FA400358C2A /* CoreGraphics.framework */ = {isa = PBXFileReference; lastKnownFileType = wrapper.framework; name = CoreGraphics.framework; path = System/Library/Frameworks/CoreGraphics.framework; sourceTree = SDKROOT; };
		A4B8DC7B1B978FAF00358C2A /* CoreMedia.framework */ = {isa = PBXFileReference; lastKnownFileType = wrapper.framework; name = CoreMedia.framework; path = System/Library/Frameworks/CoreMedia.framework; sourceTree = SDKROOT; };
		A4B8DC7D1B978FB600358C2A /* QuartzCore.framework */ = {isa = PBXFileReference; lastKnownFileType = wrapper.framework; name = QuartzCore.framework; path = System/Library/Frameworks/QuartzCore.framework; sourceTree = SDKROOT; };
		A4B8DC7F1B978FC800358C2A /* CoreVideo.framework */ = {isa = PBXFileReference; lastKnownFileType = wrapper.framework; name = CoreVideo.framework; path = System/Library/Frameworks/CoreVideo.framework; sourceTree = SDKROOT; };
		A4B8DC811B978FCE00358C2A /* AVFoundation.framework */ = {isa = PBXFileReference; lastKnownFileType = wrapper.framework; name = AVFoundation.framework; path = System/Library/Frameworks/AVFoundation.framework; sourceTree = SDKROOT; };
		A4B8DC861B97A54000358C2A /* CoolViewController.h */ = {isa = PBXFileReference; fileEncoding = 4; lastKnownFileType = sourcecode.c.h; path = CoolViewController.h; sourceTree = "<group>"; };
		A4B8DC871B97A54000358C2A /* CoolViewController.m */ = {isa = PBXFileReference; fileEncoding = 4; lastKnownFileType = sourcecode.c.objc; path = CoolViewController.m; sourceTree = "<group>"; };
		A4B8DC8A1B97AFDF00358C2A /* TouchViewController.h */ = {isa = PBXFileReference; fileEncoding = 4; lastKnownFileType = sourcecode.c.h; path = TouchViewController.h; sourceTree = "<group>"; };
		A4B8DC8B1B97AFDF00358C2A /* TouchViewController.m */ = {isa = PBXFileReference; fileEncoding = 4; lastKnownFileType = sourcecode.c.objc; path = TouchViewController.m; sourceTree = "<group>"; };
/* End PBXFileReference section */

/* Begin PBXFrameworksBuildPhase section */
		A4B8DC361B97829000358C2A /* Frameworks */ = {
			isa = PBXFrameworksBuildPhase;
			buildActionMask = 2147483647;
			files = (
				A4B8DC851B97905300358C2A /* CoreGraphics.framework in Frameworks */,
				A4B8DC841B97904400358C2A /* CoreMedia.framework in Frameworks */,
				A4B8DC831B97903500358C2A /* QuartzCore.framework in Frameworks */,
				A4B8DC821B978FCE00358C2A /* AVFoundation.framework in Frameworks */,
				A4B8DC801B978FC800358C2A /* CoreVideo.framework in Frameworks */,
				A4B8DC781B978F9A00358C2A /* CoreImage.framework in Frameworks */,
			);
			runOnlyForDeploymentPostprocessing = 0;
		};
/* End PBXFrameworksBuildPhase section */

/* Begin PBXGroup section */
		A4B8DC301B97829000358C2A = {
			isa = PBXGroup;
			children = (
				A4B8DC3B1B97829000358C2A /* MouseServerTest */,
				A4B8DC751B978F6900358C2A /* Framework */,
				A4B8DC3A1B97829000358C2A /* Products */,
			);
			sourceTree = "<group>";
		};
		A4B8DC3A1B97829000358C2A /* Products */ = {
			isa = PBXGroup;
			children = (
				A4B8DC391B97829000358C2A /* MouseServerTest.app */,
			);
			name = Products;
			sourceTree = "<group>";
		};
		A4B8DC3B1B97829000358C2A /* MouseServerTest */ = {
			isa = PBXGroup;
			children = (
				A4B8DC401B97829000358C2A /* AppDelegate.h */,
				A4B8DC411B97829000358C2A /* AppDelegate.m */,
				A4B8DC461B97829000358C2A /* Main.storyboard */,
				A4B8DC431B97829000358C2A /* ViewController.h */,
				A4B8DC441B97829000358C2A /* ViewController.m */,
				A4B8DC891B97A55200358C2A /* Face */,
				A4B8DC861B97A54000358C2A /* CoolViewController.h */,
				A4B8DC871B97A54000358C2A /* CoolViewController.m */,
				A4B8DC8A1B97AFDF00358C2A /* TouchViewController.h */,
				A4B8DC8B1B97AFDF00358C2A /* TouchViewController.m */,
				A4B8DC491B97829000358C2A /* Images.xcassets */,
				A4B8DC3C1B97829000358C2A /* Supporting Files */,
			);
			path = MouseServerTest;
			sourceTree = "<group>";
		};
		A4B8DC3C1B97829000358C2A /* Supporting Files */ = {
			isa = PBXGroup;
			children = (
				A4B8DC3D1B97829000358C2A /* Info.plist */,
				A4B8DC3E1B97829000358C2A /* main.m */,
			);
			name = "Supporting Files";
			sourceTree = "<group>";
		};
		A4B8DC751B978F6900358C2A /* Framework */ = {
			isa = PBXGroup;
			children = (
				A4B8DC811B978FCE00358C2A /* AVFoundation.framework */,
				A4B8DC7F1B978FC800358C2A /* CoreVideo.framework */,
				A4B8DC7D1B978FB600358C2A /* QuartzCore.framework */,
				A4B8DC7B1B978FAF00358C2A /* CoreMedia.framework */,
				A4B8DC791B978FA400358C2A /* CoreGraphics.framework */,
				A4B8DC761B978F8400358C2A /* CoreImage.framework */,
			);
			name = Framework;
			sourceTree = "<group>";
		};
		A4B8DC891B97A55200358C2A /* Face */ = {
			isa = PBXGroup;
			children = (
				A4B8DC621B97894500358C2A /* CaptureScreenViewController.h */,
				A4B8DC631B97894500358C2A /* CaptureScreenViewController.m */,
				A4B8DC651B978B7A00358C2A /* DetectFace.h */,
				A4B8DC661B978B7A00358C2A /* DetectFace.m */,
			);
			name = Face;
			sourceTree = "<group>";
		};
/* End PBXGroup section */

/* Begin PBXNativeTarget section */
		A4B8DC381B97829000358C2A /* MouseServerTest */ = {
			isa = PBXNativeTarget;
			buildConfigurationList = A4B8DC5C1B97829000358C2A /* Build configuration list for PBXNativeTarget "MouseServerTest" */;
			buildPhases = (
				A4B8DC351B97829000358C2A /* Sources */,
				A4B8DC361B97829000358C2A /* Frameworks */,
				A4B8DC371B97829000358C2A /* Resources */,
			);
			buildRules = (
			);
			dependencies = (
			);
			name = MouseServerTest;
			productName = MouseServerTest;
			productReference = A4B8DC391B97829000358C2A /* MouseServerTest.app */;
			productType = "com.apple.product-type.application";
		};
/* End PBXNativeTarget section */

/* Begin PBXProject section */
		A4B8DC311B97829000358C2A /* Project object */ = {
			isa = PBXProject;
			attributes = {
				LastUpgradeCheck = 0640;
				ORGANIZATIONNAME = GDS;
				TargetAttributes = {
					A4B8DC381B97829000358C2A = {
						CreatedOnToolsVersion = 6.4;
					};
				};
			};
			buildConfigurationList = A4B8DC341B97829000358C2A /* Build configuration list for PBXProject "MouseServerTest" */;
			compatibilityVersion = "Xcode 3.2";
			developmentRegion = English;
			hasScannedForEncodings = 0;
			knownRegions = (
				en,
				Base,
			);
			mainGroup = A4B8DC301B97829000358C2A;
			productRefGroup = A4B8DC3A1B97829000358C2A /* Products */;
			projectDirPath = "";
			projectRoot = "";
			targets = (
				A4B8DC381B97829000358C2A /* MouseServerTest */,
			);
		};
/* End PBXProject section */

/* Begin PBXResourcesBuildPhase section */
		A4B8DC371B97829000358C2A /* Resources */ = {
			isa = PBXResourcesBuildPhase;
			buildActionMask = 2147483647;
			files = (
				A4B8DC481B97829000358C2A /* Main.storyboard in Resources */,
				A4B8DC4A1B97829000358C2A /* Images.xcassets in Resources */,
			);
			runOnlyForDeploymentPostprocessing = 0;
		};
/* End PBXResourcesBuildPhase section */

/* Begin PBXSourcesBuildPhase section */
		A4B8DC351B97829000358C2A /* Sources */ = {
			isa = PBXSourcesBuildPhase;
			buildActionMask = 2147483647;
			files = (
				A4B8DC451B97829000358C2A /* ViewController.m in Sources */,
				A4B8DC421B97829000358C2A /* AppDelegate.m in Sources */,
				A4B8DC8C1B97AFDF00358C2A /* TouchViewController.m in Sources */,
				A4B8DC3F1B97829000358C2A /* main.m in Sources */,
				A4B8DC881B97A54000358C2A /* CoolViewController.m in Sources */,
				A4B8DC641B97894500358C2A /* CaptureScreenViewController.m in Sources */,
				A4B8DC671B978B7A00358C2A /* DetectFace.m in Sources */,
			);
			runOnlyForDeploymentPostprocessing = 0;
		};
/* End PBXSourcesBuildPhase section */

/* Begin PBXVariantGroup section */
		A4B8DC461B97829000358C2A /* Main.storyboard */ = {
			isa = PBXVariantGroup;
			children = (
				A4B8DC471B97829000358C2A /* Base */,
			);
			name = Main.storyboard;
			sourceTree = "<group>";
		};
/* End PBXVariantGroup section */

/* Begin XCBuildConfiguration section */
		A4B8DC5A1B97829000358C2A /* Debug */ = {
			isa = XCBuildConfiguration;
			buildSettings = {
				ALWAYS_SEARCH_USER_PATHS = NO;
				CLANG_CXX_LANGUAGE_STANDARD = "gnu++0x";
				CLANG_CXX_LIBRARY = "libc++";
				CLANG_ENABLE_MODULES = YES;
				CLANG_ENABLE_OBJC_ARC = YES;
				CLANG_WARN_BOOL_CONVERSION = YES;
				CLANG_WARN_CONSTANT_CONVERSION = YES;
				CLANG_WARN_DIRECT_OBJC_ISA_USAGE = YES_ERROR;
				CLANG_WARN_EMPTY_BODY = YES;
				CLANG_WARN_ENUM_CONVERSION = YES;
				CLANG_WARN_INT_CONVERSION = YES;
				CLANG_WARN_OBJC_ROOT_CLASS = YES_ERROR;
				CLANG_WARN_UNREACHABLE_CODE = YES;
				CLANG_WARN__DUPLICATE_METHOD_MATCH = YES;
				"CODE_SIGN_IDENTITY[sdk=iphoneos*]" = "iPhone Developer";
				COPY_PHASE_STRIP = NO;
				DEBUG_INFORMATION_FORMAT = "dwarf-with-dsym";
				ENABLE_STRICT_OBJC_MSGSEND = YES;
				GCC_C_LANGUAGE_STANDARD = gnu99;
				GCC_DYNAMIC_NO_PIC = NO;
				GCC_NO_COMMON_BLOCKS = YES;
				GCC_OPTIMIZATION_LEVEL = 0;
				GCC_PREPROCESSOR_DEFINITIONS = (
					"DEBUG=1",
					"$(inherited)",
				);
				GCC_SYMBOLS_PRIVATE_EXTERN = NO;
				GCC_WARN_64_TO_32_BIT_CONVERSION = YES;
				GCC_WARN_ABOUT_RETURN_TYPE = YES_ERROR;
				GCC_WARN_UNDECLARED_SELECTOR = YES;
				GCC_WARN_UNINITIALIZED_AUTOS = YES_AGGRESSIVE;
				GCC_WARN_UNUSED_FUNCTION = YES;
				GCC_WARN_UNUSED_VARIABLE = YES;
				IPHONEOS_DEPLOYMENT_TARGET = 7.0;
				MTL_ENABLE_DEBUG_INFO = YES;
				ONLY_ACTIVE_ARCH = YES;
				SDKROOT = iphoneos;
			};
			name = Debug;
		};
		A4B8DC5B1B97829000358C2A /* Release */ = {
			isa = XCBuildConfiguration;
			buildSettings = {
				ALWAYS_SEARCH_USER_PATHS = NO;
				CLANG_CXX_LANGUAGE_STANDARD = "gnu++0x";
				CLANG_CXX_LIBRARY = "libc++";
				CLANG_ENABLE_MODULES = YES;
				CLANG_ENABLE_OBJC_ARC = YES;
				CLANG_WARN_BOOL_CONVERSION = YES;
				CLANG_WARN_CONSTANT_CONVERSION = YES;
				CLANG_WARN_DIRECT_OBJC_ISA_USAGE = YES_ERROR;
				CLANG_WARN_EMPTY_BODY = YES;
				CLANG_WARN_ENUM_CONVERSION = YES;
				CLANG_WARN_INT_CONVERSION = YES;
				CLANG_WARN_OBJC_ROOT_CLASS = YES_ERROR;
				CLANG_WARN_UNREACHABLE_CODE = YES;
				CLANG_WARN__DUPLICATE_METHOD_MATCH = YES;
				"CODE_SIGN_IDENTITY[sdk=iphoneos*]" = "iPhone Developer";
				COPY_PHASE_STRIP = NO;
				DEBUG_INFORMATION_FORMAT = "dwarf-with-dsym";
				ENABLE_NS_ASSERTIONS = NO;
				ENABLE_STRICT_OBJC_MSGSEND = YES;
				GCC_C_LANGUAGE_STANDARD = gnu99;
				GCC_NO_COMMON_BLOCKS = YES;
				GCC_WARN_64_TO_32_BIT_CONVERSION = YES;
				GCC_WARN_ABOUT_RETURN_TYPE = YES_ERROR;
				GCC_WARN_UNDECLARED_SELECTOR = YES;
				GCC_WARN_UNINITIALIZED_AUTOS = YES_AGGRESSIVE;
				GCC_WARN_UNUSED_FUNCTION = YES;
				GCC_WARN_UNUSED_VARIABLE = YES;
				IPHONEOS_DEPLOYMENT_TARGET = 7.0;
				MTL_ENABLE_DEBUG_INFO = NO;
				SDKROOT = iphoneos;
				VALIDATE_PRODUCT = YES;
			};
			name = Release;
		};
		A4B8DC5D1B97829000358C2A /* Debug */ = {
			isa = XCBuildConfiguration;
			buildSettings = {
				ASSETCATALOG_COMPILER_APPICON_NAME = AppIcon;
				ASSETCATALOG_COMPILER_LAUNCHIMAGE_NAME = LaunchImage;
				"CODE_SIGN_IDENTITY[sdk=iphoneos*]" = "";
				INFOPLIST_FILE = MouseServerTest/Info.plist;
				IPHONEOS_DEPLOYMENT_TARGET = 7.0;
				LD_RUNPATH_SEARCH_PATHS = "$(inherited) @executable_path/Frameworks";
				PRODUCT_NAME = "$(TARGET_NAME)";
				PROVISIONING_PROFILE = "6b1db9c2-c28b-447c-a9e3-67b278e3d804";
			};
			name = Debug;
		};
		A4B8DC5E1B97829000358C2A /* Release */ = {
			isa = XCBuildConfiguration;
			buildSettings = {
				ASSETCATALOG_COMPILER_APPICON_NAME = AppIcon;
				ASSETCATALOG_COMPILER_LAUNCHIMAGE_NAME = LaunchImage;
				"CODE_SIGN_IDENTITY[sdk=iphoneos*]" = "";
				INFOPLIST_FILE = MouseServerTest/Info.plist;
				IPHONEOS_DEPLOYMENT_TARGET = 7.0;
				LD_RUNPATH_SEARCH_PATHS = "$(inherited) @executable_path/Frameworks";
				PRODUCT_NAME = "$(TARGET_NAME)";
				PROVISIONING_PROFILE = "6b1db9c2-c28b-447c-a9e3-67b278e3d804";
			};
			name = Release;
		};
/* End XCBuildConfiguration section */

/* Begin XCConfigurationList section */
		A4B8DC341B97829000358C2A /* Build configuration list for PBXProject "MouseServerTest" */ = {
			isa = XCConfigurationList;
			buildConfigurations = (
				A4B8DC5A1B97829000358C2A /* Debug */,
				A4B8DC5B1B97829000358C2A /* Release */,
			);
			defaultConfigurationIsVisible = 0;
			defaultConfigurationName = Release;
		};
		A4B8DC5C1B97829000358C2A /* Build configuration list for PBXNativeTarget "MouseServerTest" */ = {
			isa = XCConfigurationList;
			buildConfigurations = (
				A4B8DC5D1B97829000358C2A /* Debug */,
				A4B8DC5E1B97829000358C2A /* Release */,
			);
			defaultConfigurationIsVisible = 0;
		};
/* End XCConfigurationList section */
	};
	rootObject = A4B8DC311B97829000358C2A /* Project object */;
}
